
Microsoft Visual Studio Solution File, Format Version 12.00
# Visual Studio Version 17
VisualStudioVersion = 17.13.35818.85 d17.13
MinimumVisualStudioVersion = 10.0.40219.1
Project("{FAE04EC0-301F-11D3-BF4B-00C04F79EFBC}") = "HW 4-23 SimpleAdsWLogin.web", "HW 4-23 SimpleAdsWLogin.web\HW 4-23 SimpleAdsWLogin.web.csproj", "{5326DF66-F8C5-4839-B6A9-BAD9BE712A11}"
EndProject
Project("{FAE04EC0-301F-11D3-BF4B-00C04F79EFBC}") = "HW 4-23 SimpleAdsWLogin.data", "HW 4-23 SimpleAdsWLogin\HW 4-23 SimpleAdsWLogin.data.csproj", "{F0AAE7B7-909B-40CB-B46D-477C9F77F8FF}"
EndProject
Global
	GlobalSection(SolutionConfigurationPlatforms) = preSolution
		Debug|Any CPU = Debug|Any CPU
		Release|Any CPU = Release|Any CPU
	EndGlobalSection
	GlobalSection(ProjectConfigurationPlatforms) = postSolution
		{5326DF66-F8C5-4839-B6A9-BAD9BE712A11}.Debug|Any CPU.ActiveCfg = Debug|Any CPU
		{5326DF66-F8C5-4839-B6A9-BAD9BE712A11}.Debug|Any CPU.Build.0 = Debug|Any CPU
		{5326DF66-F8C5-4839-B6A9-BAD9BE712A11}.Release|Any CPU.ActiveCfg = Release|Any CPU
		{5326DF66-F8C5-4839-B6A9-BAD9BE712A11}.Release|Any CPU.Build.0 = Release|Any CPU
		{F0AAE7B7-909B-40CB-B46D-477C9F77F8FF}.Debug|Any CPU.ActiveCfg = Debug|Any CPU
		{F0AAE7B7-909B-40CB-B46D-477C9F77F8FF}.Debug|Any CPU.Build.0 = Debug|Any CPU
		{F0AAE7B7-909B-40CB-B46D-477C9F77F8FF}.Release|Any CPU.ActiveCfg = Release|Any CPU
		{F0AAE7B7-909B-40CB-B46D-477C9F77F8FF}.Release|Any CPU.Build.0 = Release|Any CPU
	EndGlobalSection
	GlobalSection(SolutionProperties) = preSolution
		HideSolutionNode = FALSE
	EndGlobalSection
	GlobalSection(ExtensibilityGlobals) = postSolution
		SolutionGuid = {76F65C40-E316-41FE-ACD0-6459D9B92343}
	EndGlobalSection
EndGlobal
